
Microsoft Visual Studio Solution File, Format Version 12.00
# Visual Studio Version 17
VisualStudioVersion = 17.0.31903.59
MinimumVisualStudioVersion = 10.0.40219.1
Project("{9A19103F-16F7-4668-BE54-9A1E7A4F7556}") = "App.WebUi", "App.WebUi\App.WebUi.csproj", "{BB53078E-5B8E-460B-9389-0B8E2BFC461C}"
EndProject
Project("{9A19103F-16F7-4668-BE54-9A1E7A4F7556}") = "App.Data", "App.Data\App.Data.csproj", "{F44CD985-6336-41F3-A981-9CF725A87F1C}"
EndProject
Project("{FAE04EC0-301F-11D3-BF4B-00C04F79EFBC}") = "App.RepositoryData", "App.RepositoryData\App.RepositoryData.csproj", "{2CFD4CC6-D5D3-42FC-8092-4EA1EAD5E7C9}"
EndProject
Global
	GlobalSection(SolutionConfigurationPlatforms) = preSolution
		Debug|Any CPU = Debug|Any CPU
		Release|Any CPU = Release|Any CPU
	EndGlobalSection
	GlobalSection(ProjectConfigurationPlatforms) = postSolution
		{BB53078E-5B8E-460B-9389-0B8E2BFC461C}.Debug|Any CPU.ActiveCfg = Debug|Any CPU
		{BB53078E-5B8E-460B-9389-0B8E2BFC461C}.Debug|Any CPU.Build.0 = Debug|Any CPU
		{BB53078E-5B8E-460B-9389-0B8E2BFC461C}.Release|Any CPU.ActiveCfg = Release|Any CPU
		{BB53078E-5B8E-460B-9389-0B8E2BFC461C}.Release|Any CPU.Build.0 = Release|Any CPU
		{F44CD985-6336-41F3-A981-9CF725A87F1C}.Debug|Any CPU.ActiveCfg = Debug|Any CPU
		{F44CD985-6336-41F3-A981-9CF725A87F1C}.Debug|Any CPU.Build.0 = Debug|Any CPU
		{F44CD985-6336-41F3-A981-9CF725A87F1C}.Release|Any CPU.ActiveCfg = Release|Any CPU
		{F44CD985-6336-41F3-A981-9CF725A87F1C}.Release|Any CPU.Build.0 = Release|Any CPU
		{2CFD4CC6-D5D3-42FC-8092-4EA1EAD5E7C9}.Debug|Any CPU.ActiveCfg = Debug|Any CPU
		{2CFD4CC6-D5D3-42FC-8092-4EA1EAD5E7C9}.Debug|Any CPU.Build.0 = Debug|Any CPU
		{2CFD4CC6-D5D3-42FC-8092-4EA1EAD5E7C9}.Release|Any CPU.ActiveCfg = Release|Any CPU
		{2CFD4CC6-D5D3-42FC-8092-4EA1EAD5E7C9}.Release|Any CPU.Build.0 = Release|Any CPU
	EndGlobalSection
	GlobalSection(SolutionProperties) = preSolution
		HideSolutionNode = FALSE
	EndGlobalSection
	GlobalSection(ExtensibilityGlobals) = postSolution
		SolutionGuid = {1F5DCFE7-6D58-4CD6-A5F5-35C707509A64}
	EndGlobalSection
EndGlobal
